
Microsoft Visual Studio Solution File, Format Version 12.00
# Visual Studio 15
VisualStudioVersion = 15.0.27703.2035
MinimumVisualStudioVersion = 10.0.40219.1
Project("{FAE04EC0-301F-11D3-BF4B-00C04F79EFBC}") = "week2", "week2\week2.csproj", "{BC64DFBA-0235-4B4D-BF62-29803CA57584}"
EndProject
Global
	GlobalSection(SolutionConfigurationPlatforms) = preSolution
		Debug|Any CPU = Debug|Any CPU
		Release|Any CPU = Release|Any CPU
	EndGlobalSection
	GlobalSection(ProjectConfigurationPlatforms) = postSolution
		{BC64DFBA-0235-4B4D-BF62-29803CA57584}.Debug|Any CPU.ActiveCfg = Debug|Any CPU
		{BC64DFBA-0235-4B4D-BF62-29803CA57584}.Debug|Any CPU.Build.0 = Debug|Any CPU
		{BC64DFBA-0235-4B4D-BF62-29803CA57584}.Release|Any CPU.ActiveCfg = Release|Any CPU
		{BC64DFBA-0235-4B4D-BF62-29803CA57584}.Release|Any CPU.Build.0 = Release|Any CPU
	EndGlobalSection
	GlobalSection(SolutionProperties) = preSolution
		HideSolutionNode = FALSE
	EndGlobalSection
	GlobalSection(ExtensibilityGlobals) = postSolution
		SolutionGuid = {2AA2DD16-D4E7-4CB9-99C0-DEFDA0F4E2C2}
	EndGlobalSection
EndGlobal
